
Microsoft Visual Studio Solution File, Format Version 12.00
# Visual Studio Version 16
VisualStudioVersion = 16.0.31129.286
MinimumVisualStudioVersion = 10.0.40219.1
Project("{FAE04EC0-301F-11D3-BF4B-00C04F79EFBC}") = "Wpf-window-resize-animation", "Wpf-window-resize-animation\Wpf-window-resize-animation.csproj", "{62C7105C-AA1F-43FD-942D-659F94132EF9}"
EndProject
Global
	GlobalSection(SolutionConfigurationPlatforms) = preSolution
		Debug|Any CPU = Debug|Any CPU
		Release|Any CPU = Release|Any CPU
	EndGlobalSection
	GlobalSection(ProjectConfigurationPlatforms) = postSolution
		{62C7105C-AA1F-43FD-942D-659F94132EF9}.Debug|Any CPU.ActiveCfg = Debug|Any CPU
		{62C7105C-AA1F-43FD-942D-659F94132EF9}.Debug|Any CPU.Build.0 = Debug|Any CPU
		{62C7105C-AA1F-43FD-942D-659F94132EF9}.Release|Any CPU.ActiveCfg = Release|Any CPU
		{62C7105C-AA1F-43FD-942D-659F94132EF9}.Release|Any CPU.Build.0 = Release|Any CPU
	EndGlobalSection
	GlobalSection(SolutionProperties) = preSolution
		HideSolutionNode = FALSE
	EndGlobalSection
	GlobalSection(ExtensibilityGlobals) = postSolution
		SolutionGuid = {DC55158F-95E9-4909-A3AC-8694235F6840}
	EndGlobalSection
EndGlobal
